
Microsoft Visual Studio Solution File, Format Version 12.00
# Visual Studio Version 16
VisualStudioVersion = 16.0.31424.327
MinimumVisualStudioVersion = 10.0.40219.1
Project("{8BC9CEB8-8B4A-11D0-8D11-00A0C91BC942}") = "Lab1", "Lab1\Lab1.vcxproj", "{671CF454-506F-4D89-B686-1036074997EC}"
EndProject
Project("{8BC9CEB8-8B4A-11D0-8D11-00A0C91BC942}") = "Lab2_Swap", "Lab2_Swap\Lab2_Swap.vcxproj", "{901BBD27-7A75-44A2-9898-54B37550F86B}"
EndProject
Project("{8BC9CEB8-8B4A-11D0-8D11-00A0C91BC942}") = "LOOPInstruction", "LOOPInstruction\LOOPInstruction.vcxproj", "{ACA29CF5-F107-423E-87D9-015E431F0486}"
EndProject
Project("{8BC9CEB8-8B4A-11D0-8D11-00A0C91BC942}") = "Constants", "Constants\Constants.vcxproj", "{653BC779-8672-4CC8-BE53-864758D00E5F}"
EndProject
Project("{8BC9CEB8-8B4A-11D0-8D11-00A0C91BC942}") = "Accessing2DArrays", "Accessing2DArrays\Accessing2DArrays.vcxproj", "{44CAED29-BC0C-4405-920E-942440E3B744}"
EndProject
Project("{8BC9CEB8-8B4A-11D0-8D11-00A0C91BC942}") = "StackFrame_CreationDeletion", "StackFrame_CreationDeletion\StackFrame_CreationDeletion.vcxproj", "{43FE31DC-C87A-44D9-B094-38DE91AD7A94}"
EndProject
Project("{8BC9CEB8-8B4A-11D0-8D11-00A0C91BC942}") = "StackFrameCreation1", "StackFrameCreation1\StackFrameCreation1.vcxproj", "{4AB5CB6A-B15B-4A91-A792-DD4839BEA8AE}"
EndProject
Project("{8BC9CEB8-8B4A-11D0-8D11-00A0C91BC942}") = "ProceduresFindAverage", "ProceduresFindAverage\ProceduresFindAverage.vcxproj", "{E3059767-7820-4EA1-BD35-A9BCF099F617}"
EndProject
Project("{8BC9CEB8-8B4A-11D0-8D11-00A0C91BC942}") = "ForLoopImplementation1", "ForLoopImplementation1\ForLoopImplementation1.vcxproj", "{824BD88E-CCE8-4131-A9D0-85EE81EE0425}"
EndProject
Project("{8BC9CEB8-8B4A-11D0-8D11-00A0C91BC942}") = "QuickSort_G4G", "QuickSort_G4G\QuickSort_G4G.vcxproj", "{5B293DA6-7551-419F-9F2C-36290BA74124}"
EndProject
Project("{8BC9CEB8-8B4A-11D0-8D11-00A0C91BC942}") = "BubbleSort_G4G", "BubbleSort_G4G\BubbleSort_G4G.vcxproj", "{43CABD48-CC8E-41EF-AE74-051EE3668055}"
EndProject
Project("{8BC9CEB8-8B4A-11D0-8D11-00A0C91BC942}") = "Variance", "Variance\Variance.vcxproj", "{3D33F3A9-F37F-44C3-8996-F1EBC9C45E17}"
EndProject
Global
	GlobalSection(SolutionConfigurationPlatforms) = preSolution
		Debug|x64 = Debug|x64
		Debug|x86 = Debug|x86
		Release|x64 = Release|x64
		Release|x86 = Release|x86
	EndGlobalSection
	GlobalSection(ProjectConfigurationPlatforms) = postSolution
		{671CF454-506F-4D89-B686-1036074997EC}.Debug|x64.ActiveCfg = Debug|x64
		{671CF454-506F-4D89-B686-1036074997EC}.Debug|x64.Build.0 = Debug|x64
		{671CF454-506F-4D89-B686-1036074997EC}.Debug|x86.ActiveCfg = Debug|Win32
		{671CF454-506F-4D89-B686-1036074997EC}.Debug|x86.Build.0 = Debug|Win32
		{671CF454-506F-4D89-B686-1036074997EC}.Release|x64.ActiveCfg = Release|x64
		{671CF454-506F-4D89-B686-1036074997EC}.Release|x64.Build.0 = Release|x64
		{671CF454-506F-4D89-B686-1036074997EC}.Release|x86.ActiveCfg = Release|Win32
		{671CF454-506F-4D89-B686-1036074997EC}.Release|x86.Build.0 = Release|Win32
		{901BBD27-7A75-44A2-9898-54B37550F86B}.Debug|x64.ActiveCfg = Debug|x64
		{901BBD27-7A75-44A2-9898-54B37550F86B}.Debug|x64.Build.0 = Debug|x64
		{901BBD27-7A75-44A2-9898-54B37550F86B}.Debug|x86.ActiveCfg = Debug|Win32
		{901BBD27-7A75-44A2-9898-54B37550F86B}.Debug|x86.Build.0 = Debug|Win32
		{901BBD27-7A75-44A2-9898-54B37550F86B}.Release|x64.ActiveCfg = Release|x64
		{901BBD27-7A75-44A2-9898-54B37550F86B}.Release|x64.Build.0 = Release|x64
		{901BBD27-7A75-44A2-9898-54B37550F86B}.Release|x86.ActiveCfg = Release|Win32
		{901BBD27-7A75-44A2-9898-54B37550F86B}.Release|x86.Build.0 = Release|Win32
		{ACA29CF5-F107-423E-87D9-015E431F0486}.Debug|x64.ActiveCfg = Debug|x64
		{ACA29CF5-F107-423E-87D9-015E431F0486}.Debug|x64.Build.0 = Debug|x64
		{ACA29CF5-F107-423E-87D9-015E431F0486}.Debug|x86.ActiveCfg = Debug|Win32
		{ACA29CF5-F107-423E-87D9-015E431F0486}.Debug|x86.Build.0 = Debug|Win32
		{ACA29CF5-F107-423E-87D9-015E431F0486}.Release|x64.ActiveCfg = Release|x64
		{ACA29CF5-F107-423E-87D9-015E431F0486}.Release|x64.Build.0 = Release|x64
		{ACA29CF5-F107-423E-87D9-015E431F0486}.Release|x86.ActiveCfg = Release|Win32
		{ACA29CF5-F107-423E-87D9-015E431F0486}.Release|x86.Build.0 = Release|Win32
		{653BC779-8672-4CC8-BE53-864758D00E5F}.Debug|x64.ActiveCfg = Debug|x64
		{653BC779-8672-4CC8-BE53-864758D00E5F}.Debug|x64.Build.0 = Debug|x64
		{653BC779-8672-4CC8-BE53-864758D00E5F}.Debug|x86.ActiveCfg = Debug|Win32
		{653BC779-8672-4CC8-BE53-864758D00E5F}.Debug|x86.Build.0 = Debug|Win32
		{653BC779-8672-4CC8-BE53-864758D00E5F}.Release|x64.ActiveCfg = Release|x64
		{653BC779-8672-4CC8-BE53-864758D00E5F}.Release|x64.Build.0 = Release|x64
		{653BC779-8672-4CC8-BE53-864758D00E5F}.Release|x86.ActiveCfg = Release|Win32
		{653BC779-8672-4CC8-BE53-864758D00E5F}.Release|x86.Build.0 = Release|Win32
		{44CAED29-BC0C-4405-920E-942440E3B744}.Debug|x64.ActiveCfg = Debug|x64
		{44CAED29-BC0C-4405-920E-942440E3B744}.Debug|x64.Build.0 = Debug|x64
		{44CAED29-BC0C-4405-920E-942440E3B744}.Debug|x86.ActiveCfg = Debug|Win32
		{44CAED29-BC0C-4405-920E-942440E3B744}.Debug|x86.Build.0 = Debug|Win32
		{44CAED29-BC0C-4405-920E-942440E3B744}.Release|x64.ActiveCfg = Release|x64
		{44CAED29-BC0C-4405-920E-942440E3B744}.Release|x64.Build.0 = Release|x64
		{44CAED29-BC0C-4405-920E-942440E3B744}.Release|x86.ActiveCfg = Release|Win32
		{44CAED29-BC0C-4405-920E-942440E3B744}.Release|x86.Build.0 = Release|Win32
		{43FE31DC-C87A-44D9-B094-38DE91AD7A94}.Debug|x64.ActiveCfg = Debug|x64
		{43FE31DC-C87A-44D9-B094-38DE91AD7A94}.Debug|x64.Build.0 = Debug|x64
		{43FE31DC-C87A-44D9-B094-38DE91AD7A94}.Debug|x86.ActiveCfg = Debug|Win32
		{43FE31DC-C87A-44D9-B094-38DE91AD7A94}.Debug|x86.Build.0 = Debug|Win32
		{43FE31DC-C87A-44D9-B094-38DE91AD7A94}.Release|x64.ActiveCfg = Release|x64
		{43FE31DC-C87A-44D9-B094-38DE91AD7A94}.Release|x64.Build.0 = Release|x64
		{43FE31DC-C87A-44D9-B094-38DE91AD7A94}.Release|x86.ActiveCfg = Release|Win32
		{43FE31DC-C87A-44D9-B094-38DE91AD7A94}.Release|x86.Build.0 = Release|Win32
		{4AB5CB6A-B15B-4A91-A792-DD4839BEA8AE}.Debug|x64.ActiveCfg = Debug|x64
		{4AB5CB6A-B15B-4A91-A792-DD4839BEA8AE}.Debug|x64.Build.0 = Debug|x64
		{4AB5CB6A-B15B-4A91-A792-DD4839BEA8AE}.Debug|x86.ActiveCfg = Debug|Win32
		{4AB5CB6A-B15B-4A91-A792-DD4839BEA8AE}.Debug|x86.Build.0 = Debug|Win32
		{4AB5CB6A-B15B-4A91-A792-DD4839BEA8AE}.Release|x64.ActiveCfg = Release|x64
		{4AB5CB6A-B15B-4A91-A792-DD4839BEA8AE}.Release|x64.Build.0 = Release|x64
		{4AB5CB6A-B15B-4A91-A792-DD4839BEA8AE}.Release|x86.ActiveCfg = Release|Win32
		{4AB5CB6A-B15B-4A91-A792-DD4839BEA8AE}.Release|x86.Build.0 = Release|Win32
		{E3059767-7820-4EA1-BD35-A9BCF099F617}.Debug|x64.ActiveCfg = Debug|x64
		{E3059767-7820-4EA1-BD35-A9BCF099F617}.Debug|x64.Build.0 = Debug|x64
		{E3059767-7820-4EA1-BD35-A9BCF099F617}.Debug|x86.ActiveCfg = Debug|Win32
		{E3059767-7820-4EA1-BD35-A9BCF099F617}.Debug|x86.Build.0 = Debug|Win32
		{E3059767-7820-4EA1-BD35-A9BCF099F617}.Release|x64.ActiveCfg = Release|x64
		{E3059767-7820-4EA1-BD35-A9BCF099F617}.Release|x64.Build.0 = Release|x64
		{E3059767-7820-4EA1-BD35-A9BCF099F617}.Release|x86.ActiveCfg = Release|Win32
		{E3059767-7820-4EA1-BD35-A9BCF099F617}.Release|x86.Build.0 = Release|Win32
		{824BD88E-CCE8-4131-A9D0-85EE81EE0425}.Debug|x64.ActiveCfg = Debug|x64
		{824BD88E-CCE8-4131-A9D0-85EE81EE0425}.Debug|x64.Build.0 = Debug|x64
		{824BD88E-CCE8-4131-A9D0-85EE81EE0425}.Debug|x86.ActiveCfg = Debug|Win32
		{824BD88E-CCE8-4131-A9D0-85EE81EE0425}.Debug|x86.Build.0 = Debug|Win32
		{824BD88E-CCE8-4131-A9D0-85EE81EE0425}.Release|x64.ActiveCfg = Release|x64
		{824BD88E-CCE8-4131-A9D0-85EE81EE0425}.Release|x64.Build.0 = Release|x64
		{824BD88E-CCE8-4131-A9D0-85EE81EE0425}.Release|x86.ActiveCfg = Release|Win32
		{824BD88E-CCE8-4131-A9D0-85EE81EE0425}.Release|x86.Build.0 = Release|Win32
		{5B293DA6-7551-419F-9F2C-36290BA74124}.Debug|x64.ActiveCfg = Debug|x64
		{5B293DA6-7551-419F-9F2C-36290BA74124}.Debug|x64.Build.0 = Debug|x64
		{5B293DA6-7551-419F-9F2C-36290BA74124}.Debug|x86.ActiveCfg = Debug|Win32
		{5B293DA6-7551-419F-9F2C-36290BA74124}.Debug|x86.Build.0 = Debug|Win32
		{5B293DA6-7551-419F-9F2C-36290BA74124}.Release|x64.ActiveCfg = Release|x64
		{5B293DA6-7551-419F-9F2C-36290BA74124}.Release|x64.Build.0 = Release|x64
		{5B293DA6-7551-419F-9F2C-36290BA74124}.Release|x86.ActiveCfg = Release|Win32
		{5B293DA6-7551-419F-9F2C-36290BA74124}.Release|x86.Build.0 = Release|Win32
		{43CABD48-CC8E-41EF-AE74-051EE3668055}.Debug|x64.ActiveCfg = Debug|x64
		{43CABD48-CC8E-41EF-AE74-051EE3668055}.Debug|x64.Build.0 = Debug|x64
		{43CABD48-CC8E-41EF-AE74-051EE3668055}.Debug|x86.ActiveCfg = Debug|Win32
		{43CABD48-CC8E-41EF-AE74-051EE3668055}.Debug|x86.Build.0 = Debug|Win32
		{43CABD48-CC8E-41EF-AE74-051EE3668055}.Release|x64.ActiveCfg = Release|x64
		{43CABD48-CC8E-41EF-AE74-051EE3668055}.Release|x64.Build.0 = Release|x64
		{43CABD48-CC8E-41EF-AE74-051EE3668055}.Release|x86.ActiveCfg = Release|Win32
		{43CABD48-CC8E-41EF-AE74-051EE3668055}.Release|x86.Build.0 = Release|Win32
		{3D33F3A9-F37F-44C3-8996-F1EBC9C45E17}.Debug|x64.ActiveCfg = Debug|x64
		{3D33F3A9-F37F-44C3-8996-F1EBC9C45E17}.Debug|x64.Build.0 = Debug|x64
		{3D33F3A9-F37F-44C3-8996-F1EBC9C45E17}.Debug|x86.ActiveCfg = Debug|Win32
		{3D33F3A9-F37F-44C3-8996-F1EBC9C45E17}.Debug|x86.Build.0 = Debug|Win32
		{3D33F3A9-F37F-44C3-8996-F1EBC9C45E17}.Release|x64.ActiveCfg = Release|x64
		{3D33F3A9-F37F-44C3-8996-F1EBC9C45E17}.Release|x64.Build.0 = Release|x64
		{3D33F3A9-F37F-44C3-8996-F1EBC9C45E17}.Release|x86.ActiveCfg = Release|Win32
		{3D33F3A9-F37F-44C3-8996-F1EBC9C45E17}.Release|x86.Build.0 = Release|Win32
	EndGlobalSection
	GlobalSection(SolutionProperties) = preSolution
		HideSolutionNode = FALSE
	EndGlobalSection
	GlobalSection(ExtensibilityGlobals) = postSolution
		SolutionGuid = {34A32908-7A73-432C-921E-7BCF3EBAAAF9}
	EndGlobalSection
EndGlobal
